
Microsoft Visual Studio Solution File, Format Version 12.00
# Visual Studio Version 16
VisualStudioVersion = 16.0.30907.101
MinimumVisualStudioVersion = 10.0.40219.1
Project("{FAE04EC0-301F-11D3-BF4B-00C04F79EFBC}") = "Smart-Finances.Android", "Smart-Finances.Android\Smart-Finances.Android.csproj", "{F9AD97E4-19D4-42D6-B61C-E0B9B4EBAA12}"
EndProject
Project("{FAE04EC0-301F-11D3-BF4B-00C04F79EFBC}") = "Smart-Finances.iOS", "Smart-Finances.iOS\Smart-Finances.iOS.csproj", "{A1744FB9-2A18-43DC-876E-1F0542F13122}"
EndProject
Project("{FAE04EC0-301F-11D3-BF4B-00C04F79EFBC}") = "Smart-Finances", "Smart-Finances\Smart-Finances.csproj", "{430796B9-911F-4EB3-BB73-B85B2D1FA783}"
EndProject
Global
	GlobalSection(SolutionConfigurationPlatforms) = preSolution
		Debug|Any CPU = Debug|Any CPU
		Debug|iPhone = Debug|iPhone
		Debug|iPhoneSimulator = Debug|iPhoneSimulator
		Release|Any CPU = Release|Any CPU
		Release|iPhone = Release|iPhone
		Release|iPhoneSimulator = Release|iPhoneSimulator
	EndGlobalSection
	GlobalSection(ProjectConfigurationPlatforms) = postSolution
		{F9AD97E4-19D4-42D6-B61C-E0B9B4EBAA12}.Debug|Any CPU.ActiveCfg = Debug|Any CPU
		{F9AD97E4-19D4-42D6-B61C-E0B9B4EBAA12}.Debug|Any CPU.Build.0 = Debug|Any CPU
		{F9AD97E4-19D4-42D6-B61C-E0B9B4EBAA12}.Debug|Any CPU.Deploy.0 = Debug|Any CPU
		{F9AD97E4-19D4-42D6-B61C-E0B9B4EBAA12}.Debug|iPhone.ActiveCfg = Debug|Any CPU
		{F9AD97E4-19D4-42D6-B61C-E0B9B4EBAA12}.Debug|iPhone.Build.0 = Debug|Any CPU
		{F9AD97E4-19D4-42D6-B61C-E0B9B4EBAA12}.Debug|iPhone.Deploy.0 = Debug|Any CPU
		{F9AD97E4-19D4-42D6-B61C-E0B9B4EBAA12}.Debug|iPhoneSimulator.ActiveCfg = Debug|Any CPU
		{F9AD97E4-19D4-42D6-B61C-E0B9B4EBAA12}.Debug|iPhoneSimulator.Build.0 = Debug|Any CPU
		{F9AD97E4-19D4-42D6-B61C-E0B9B4EBAA12}.Debug|iPhoneSimulator.Deploy.0 = Debug|Any CPU
		{F9AD97E4-19D4-42D6-B61C-E0B9B4EBAA12}.Release|Any CPU.ActiveCfg = Release|Any CPU
		{F9AD97E4-19D4-42D6-B61C-E0B9B4EBAA12}.Release|Any CPU.Build.0 = Release|Any CPU
		{F9AD97E4-19D4-42D6-B61C-E0B9B4EBAA12}.Release|Any CPU.Deploy.0 = Release|Any CPU
		{F9AD97E4-19D4-42D6-B61C-E0B9B4EBAA12}.Release|iPhone.ActiveCfg = Release|Any CPU
		{F9AD97E4-19D4-42D6-B61C-E0B9B4EBAA12}.Release|iPhone.Build.0 = Release|Any CPU
		{F9AD97E4-19D4-42D6-B61C-E0B9B4EBAA12}.Release|iPhone.Deploy.0 = Release|Any CPU
		{F9AD97E4-19D4-42D6-B61C-E0B9B4EBAA12}.Release|iPhoneSimulator.ActiveCfg = Release|Any CPU
		{F9AD97E4-19D4-42D6-B61C-E0B9B4EBAA12}.Release|iPhoneSimulator.Build.0 = Release|Any CPU
		{F9AD97E4-19D4-42D6-B61C-E0B9B4EBAA12}.Release|iPhoneSimulator.Deploy.0 = Release|Any CPU
		{A1744FB9-2A18-43DC-876E-1F0542F13122}.Debug|Any CPU.ActiveCfg = Debug|iPhone
		{A1744FB9-2A18-43DC-876E-1F0542F13122}.Debug|Any CPU.Build.0 = Debug|iPhone
		{A1744FB9-2A18-43DC-876E-1F0542F13122}.Debug|Any CPU.Deploy.0 = Debug|iPhone
		{A1744FB9-2A18-43DC-876E-1F0542F13122}.Debug|iPhone.ActiveCfg = Debug|iPhone
		{A1744FB9-2A18-43DC-876E-1F0542F13122}.Debug|iPhone.Build.0 = Debug|iPhone
		{A1744FB9-2A18-43DC-876E-1F0542F13122}.Debug|iPhone.Deploy.0 = Debug|iPhone
		{A1744FB9-2A18-43DC-876E-1F0542F13122}.Debug|iPhoneSimulator.ActiveCfg = Debug|iPhoneSimulator
		{A1744FB9-2A18-43DC-876E-1F0542F13122}.Debug|iPhoneSimulator.Build.0 = Debug|iPhoneSimulator
		{A1744FB9-2A18-43DC-876E-1F0542F13122}.Debug|iPhoneSimulator.Deploy.0 = Debug|iPhoneSimulator
		{A1744FB9-2A18-43DC-876E-1F0542F13122}.Release|Any CPU.ActiveCfg = Release|iPhoneSimulator
		{A1744FB9-2A18-43DC-876E-1F0542F13122}.Release|Any CPU.Build.0 = Release|iPhoneSimulator
		{A1744FB9-2A18-43DC-876E-1F0542F13122}.Release|Any CPU.Deploy.0 = Release|iPhoneSimulator
		{A1744FB9-2A18-43DC-876E-1F0542F13122}.Release|iPhone.ActiveCfg = Release|iPhone
		{A1744FB9-2A18-43DC-876E-1F0542F13122}.Release|iPhone.Build.0 = Release|iPhone
		{A1744FB9-2A18-43DC-876E-1F0542F13122}.Release|iPhone.Deploy.0 = Release|iPhone
		{A1744FB9-2A18-43DC-876E-1F0542F13122}.Release|iPhoneSimulator.ActiveCfg = Release|iPhoneSimulator
		{A1744FB9-2A18-43DC-876E-1F0542F13122}.Release|iPhoneSimulator.Build.0 = Release|iPhoneSimulator
		{A1744FB9-2A18-43DC-876E-1F0542F13122}.Release|iPhoneSimulator.Deploy.0 = Release|iPhoneSimulator
		{430796B9-911F-4EB3-BB73-B85B2D1FA783}.Debug|Any CPU.ActiveCfg = Debug|Any CPU
		{430796B9-911F-4EB3-BB73-B85B2D1FA783}.Debug|Any CPU.Build.0 = Debug|Any CPU
		{430796B9-911F-4EB3-BB73-B85B2D1FA783}.Debug|Any CPU.Deploy.0 = Debug|Any CPU
		{430796B9-911F-4EB3-BB73-B85B2D1FA783}.Debug|iPhone.ActiveCfg = Debug|Any CPU
		{430796B9-911F-4EB3-BB73-B85B2D1FA783}.Debug|iPhone.Build.0 = Debug|Any CPU
		{430796B9-911F-4EB3-BB73-B85B2D1FA783}.Debug|iPhone.Deploy.0 = Debug|Any CPU
		{430796B9-911F-4EB3-BB73-B85B2D1FA783}.Debug|iPhoneSimulator.ActiveCfg = Debug|Any CPU
		{430796B9-911F-4EB3-BB73-B85B2D1FA783}.Debug|iPhoneSimulator.Build.0 = Debug|Any CPU
		{430796B9-911F-4EB3-BB73-B85B2D1FA783}.Debug|iPhoneSimulator.Deploy.0 = Debug|Any CPU
		{430796B9-911F-4EB3-BB73-B85B2D1FA783}.Release|Any CPU.ActiveCfg = Release|Any CPU
		{430796B9-911F-4EB3-BB73-B85B2D1FA783}.Release|Any CPU.Build.0 = Release|Any CPU
		{430796B9-911F-4EB3-BB73-B85B2D1FA783}.Release|Any CPU.Deploy.0 = Release|Any CPU
		{430796B9-911F-4EB3-BB73-B85B2D1FA783}.Release|iPhone.ActiveCfg = Release|Any CPU
		{430796B9-911F-4EB3-BB73-B85B2D1FA783}.Release|iPhone.Build.0 = Release|Any CPU
		{430796B9-911F-4EB3-BB73-B85B2D1FA783}.Release|iPhone.Deploy.0 = Release|Any CPU
		{430796B9-911F-4EB3-BB73-B85B2D1FA783}.Release|iPhoneSimulator.ActiveCfg = Release|Any CPU
		{430796B9-911F-4EB3-BB73-B85B2D1FA783}.Release|iPhoneSimulator.Build.0 = Release|Any CPU
		{430796B9-911F-4EB3-BB73-B85B2D1FA783}.Release|iPhoneSimulator.Deploy.0 = Release|Any CPU
	EndGlobalSection
	GlobalSection(SolutionProperties) = preSolution
		HideSolutionNode = FALSE
	EndGlobalSection
	GlobalSection(ExtensibilityGlobals) = postSolution
		SolutionGuid = {4B098173-97AA-478A-9BB7-2963A5E3780F}
	EndGlobalSection
EndGlobal
